github.com/xuzhuoxi/infra-go v1.4.1 h1:N94Et7AYs7aBX6XVCzT/b5fZn0xhZp82uDKOaXltDaA=
github.com/xuzhuoxi/infra-go v1.4.1/go.mod h1:wY1t+/hDtK4jG2F7S0Gm9W0BjL//jYuy9vv/da1STZQ=
golang.org/x/image v0.36.0 h1:Iknbfm1afbgtwPTmHnS2gTM/6PPZfH+z2EFuOkSbqwc=
golang.org/x/image v0.36.0/go.mod h1:YsWD2TyyGKiIX1kZlu9QfKIsQ4nAAK9bdgdrIsE7xy4=
